
Microsoft Visual Studio Solution File, Format Version 12.00
# Visual Studio Version 17
VisualStudioVersion = 17.5.33516.290
MinimumVisualStudioVersion = 10.0.40219.1
Project("{9092AA53-FB77-4645-B42D-1CCCA6BD08BD}") = "NodejsWebApp1", "NodejsWebApp1\NodejsWebApp1.njsproj", "{316F551F-5AD4-4485-A865-96CA889A3B2B}"
EndProject
Global
	GlobalSection(SolutionConfigurationPlatforms) = preSolution
		Debug|Any CPU = Debug|Any CPU
		Release|Any CPU = Release|Any CPU
	EndGlobalSection
	GlobalSection(ProjectConfigurationPlatforms) = postSolution
		{316F551F-5AD4-4485-A865-96CA889A3B2B}.Debug|Any CPU.ActiveCfg = Debug|Any CPU
		{316F551F-5AD4-4485-A865-96CA889A3B2B}.Debug|Any CPU.Build.0 = Debug|Any CPU
		{316F551F-5AD4-4485-A865-96CA889A3B2B}.Release|Any CPU.ActiveCfg = Release|Any CPU
		{316F551F-5AD4-4485-A865-96CA889A3B2B}.Release|Any CPU.Build.0 = Release|Any CPU
	EndGlobalSection
	GlobalSection(SolutionProperties) = preSolution
		HideSolutionNode = FALSE
	EndGlobalSection
	GlobalSection(ExtensibilityGlobals) = postSolution
		SolutionGuid = {ECD37B98-2C7A-422C-9255-9EFBF606222F}
	EndGlobalSection
EndGlobal
